{
  "name": "vGoDoRPQl_frontend",
  "version": "0.1.0",
  "lockfileVersion": 1,
  "requires": true,
  "dependencies": {
    "graphql": {
      "version": "0.13.1",
      "resolved": "https://registry.npmjs.org/graphql/-/graphql-0.13.1.tgz",
      "integrity": "sha512-awNp3LTrQ7dJDSX3p3PBuxNDC+WFSOrWeV6+l4Xeh2PQJVOFyQ9SZPonXRz2WZc7aIxLZsf2nDZuuuc0qyEq/A==",
      "requires": {
        "iterall": "1.2.2"
      }
    },
    "graphql-relay": {
      "version": "0.5.4",
      "resolved": "https://registry.npmjs.org/graphql-relay/-/graphql-relay-0.5.4.tgz",
      "integrity": "sha1-WAUM/hYRhZX4KrOqv8l0VGznVag="
    },
    "iterall": {
      "version": "1.2.2",
      "resolved": "https://registry.npmjs.org/iterall/-/iterall-1.2.2.tgz",
      "integrity": "sha512-yynBb1g+RFUPY64fTrFv7nsjRrENBQJaX2UL+2Szc9REFrSNm1rpSXHGzhmAy7a9uv3vlvgBlXnf9RqmPH1/DA=="
    }
  }
}
